
Microsoft Visual Studio Solution File, Format Version 12.00
# Visual Studio 14
VisualStudioVersion = 14.0.25420.1
MinimumVisualStudioVersion = 10.0.40219.1
Project("{262852C6-CD72-467D-83FE-5EEB1973A190}") = "RetailARQuickHelp", "RetailARQuickHelp.jsproj", "{DF65F77F-52A8-42BA-8D43-69AFC9373662}"
EndProject
Project("{FAE04EC0-301F-11D3-BF4B-00C04F79EFBC}") = "RetailARQuickHelp.WebApi", "..\RetailARQuickHelp.WebApi\RetailARQuickHelp.WebApi.csproj", "{3BDB8423-17C7-4824-9427-7C033657F436}"
EndProject
Project("{00D1A9C2-B5F0-4AF3-8072-F6C62B433612}") = "RetailARQuickHelp.Db", "..\RetailARQuickHelp.Db\RetailARQuickHelp.Db.sqlproj", "{63DE054D-F70F-4420-836B-DDA97CBC8595}"
EndProject
Project("{2150E333-8FDC-42A3-9474-1A3956D46DE8}") = "DataAccess", "DataAccess", "{B3FAE25D-5D89-41B3-98A0-07841A2B2E8C}"
EndProject
Project("{2150E333-8FDC-42A3-9474-1A3956D46DE8}") = "Services", "Services", "{B49E1F65-E00D-4E73-97A6-A766CFA2AAC8}"
EndProject
Project("{FAE04EC0-301F-11D3-BF4B-00C04F79EFBC}") = "RetailARQuickHelp.DataAccess", "..\RetailARQuickHelp.DataAccess\RetailARQuickHelp.DataAccess.csproj", "{26D7F11F-8FEB-402B-8065-AA2AB5FBFCB1}"
EndProject
Project("{2150E333-8FDC-42A3-9474-1A3956D46DE8}") = "DataBase", "DataBase", "{54AA7F35-CB85-486C-94A6-F1AE46984DEF}"
EndProject
Global
	GlobalSection(SolutionConfigurationPlatforms) = preSolution
		Debug|Android = Debug|Android
		Debug|Any CPU = Debug|Any CPU
		Debug|iOS = Debug|iOS
		Debug|Windows Phone (Universal) = Debug|Windows Phone (Universal)
		Debug|Windows Phone 8 = Debug|Windows Phone 8
		Debug|Windows-AnyCPU = Debug|Windows-AnyCPU
		Debug|Windows-ARM = Debug|Windows-ARM
		Debug|Windows-x64 = Debug|Windows-x64
		Debug|Windows-x86 = Debug|Windows-x86
		Release|Android = Release|Android
		Release|Any CPU = Release|Any CPU
		Release|iOS = Release|iOS
		Release|Windows Phone (Universal) = Release|Windows Phone (Universal)
		Release|Windows Phone 8 = Release|Windows Phone 8
		Release|Windows-AnyCPU = Release|Windows-AnyCPU
		Release|Windows-ARM = Release|Windows-ARM
		Release|Windows-x64 = Release|Windows-x64
		Release|Windows-x86 = Release|Windows-x86
	EndGlobalSection
	GlobalSection(ProjectConfigurationPlatforms) = postSolution
		{DF65F77F-52A8-42BA-8D43-69AFC9373662}.Debug|Android.ActiveCfg = Debug|Android
		{DF65F77F-52A8-42BA-8D43-69AFC9373662}.Debug|Android.Build.0 = Debug|Android
		{DF65F77F-52A8-42BA-8D43-69AFC9373662}.Debug|Android.Deploy.0 = Debug|Android
		{DF65F77F-52A8-42BA-8D43-69AFC9373662}.Debug|Any CPU.ActiveCfg = Debug|Android
		{DF65F77F-52A8-42BA-8D43-69AFC9373662}.Debug|iOS.ActiveCfg = Debug|iOS
		{DF65F77F-52A8-42BA-8D43-69AFC9373662}.Debug|iOS.Build.0 = Debug|iOS
		{DF65F77F-52A8-42BA-8D43-69AFC9373662}.Debug|iOS.Deploy.0 = Debug|iOS
		{DF65F77F-52A8-42BA-8D43-69AFC9373662}.Debug|Windows Phone (Universal).ActiveCfg = Debug|Windows Phone (Universal)
		{DF65F77F-52A8-42BA-8D43-69AFC9373662}.Debug|Windows Phone (Universal).Build.0 = Debug|Windows Phone (Universal)
		{DF65F77F-52A8-42BA-8D43-69AFC9373662}.Debug|Windows Phone (Universal).Deploy.0 = Debug|Windows Phone (Universal)
		{DF65F77F-52A8-42BA-8D43-69AFC9373662}.Debug|Windows Phone 8.ActiveCfg = Debug|Windows Phone 8
		{DF65F77F-52A8-42BA-8D43-69AFC9373662}.Debug|Windows Phone 8.Build.0 = Debug|Windows Phone 8
		{DF65F77F-52A8-42BA-8D43-69AFC9373662}.Debug|Windows Phone 8.Deploy.0 = Debug|Windows Phone 8
		{DF65F77F-52A8-42BA-8D43-69AFC9373662}.Debug|Windows-AnyCPU.ActiveCfg = Debug|Windows-AnyCPU
		{DF65F77F-52A8-42BA-8D43-69AFC9373662}.Debug|Windows-AnyCPU.Build.0 = Debug|Windows-AnyCPU
		{DF65F77F-52A8-42BA-8D43-69AFC9373662}.Debug|Windows-AnyCPU.Deploy.0 = Debug|Windows-AnyCPU
		{DF65F77F-52A8-42BA-8D43-69AFC9373662}.Debug|Windows-ARM.ActiveCfg = Debug|Windows-ARM
		{DF65F77F-52A8-42BA-8D43-69AFC9373662}.Debug|Windows-ARM.Build.0 = Debug|Windows-ARM
		{DF65F77F-52A8-42BA-8D43-69AFC9373662}.Debug|Windows-ARM.Deploy.0 = Debug|Windows-ARM
		{DF65F77F-52A8-42BA-8D43-69AFC9373662}.Debug|Windows-x64.ActiveCfg = Debug|Windows-x64
		{DF65F77F-52A8-42BA-8D43-69AFC9373662}.Debug|Windows-x64.Build.0 = Debug|Windows-x64
		{DF65F77F-52A8-42BA-8D43-69AFC9373662}.Debug|Windows-x64.Deploy.0 = Debug|Windows-x64
		{DF65F77F-52A8-42BA-8D43-69AFC9373662}.Debug|Windows-x86.ActiveCfg = Debug|Windows-x86
		{DF65F77F-52A8-42BA-8D43-69AFC9373662}.Debug|Windows-x86.Build.0 = Debug|Windows-x86
		{DF65F77F-52A8-42BA-8D43-69AFC9373662}.Debug|Windows-x86.Deploy.0 = Debug|Windows-x86
		{DF65F77F-52A8-42BA-8D43-69AFC9373662}.Release|Android.ActiveCfg = Release|Android
		{DF65F77F-52A8-42BA-8D43-69AFC9373662}.Release|Android.Build.0 = Release|Android
		{DF65F77F-52A8-42BA-8D43-69AFC9373662}.Release|Android.Deploy.0 = Release|Android
		{DF65F77F-52A8-42BA-8D43-69AFC9373662}.Release|Any CPU.ActiveCfg = Release|Android
		{DF65F77F-52A8-42BA-8D43-69AFC9373662}.Release|iOS.ActiveCfg = Release|iOS
		{DF65F77F-52A8-42BA-8D43-69AFC9373662}.Release|iOS.Build.0 = Release|iOS
		{DF65F77F-52A8-42BA-8D43-69AFC9373662}.Release|iOS.Deploy.0 = Release|iOS
		{DF65F77F-52A8-42BA-8D43-69AFC9373662}.Release|Windows Phone (Universal).ActiveCfg = Release|Windows Phone (Universal)
		{DF65F77F-52A8-42BA-8D43-69AFC9373662}.Release|Windows Phone (Universal).Build.0 = Release|Windows Phone (Universal)
		{DF65F77F-52A8-42BA-8D43-69AFC9373662}.Release|Windows Phone (Universal).Deploy.0 = Release|Windows Phone (Universal)
		{DF65F77F-52A8-42BA-8D43-69AFC9373662}.Release|Windows Phone 8.ActiveCfg = Release|Windows Phone 8
		{DF65F77F-52A8-42BA-8D43-69AFC9373662}.Release|Windows Phone 8.Build.0 = Release|Windows Phone 8
		{DF65F77F-52A8-42BA-8D43-69AFC9373662}.Release|Windows Phone 8.Deploy.0 = Release|Windows Phone 8
		{DF65F77F-52A8-42BA-8D43-69AFC9373662}.Release|Windows-AnyCPU.ActiveCfg = Release|Windows-AnyCPU
		{DF65F77F-52A8-42BA-8D43-69AFC9373662}.Release|Windows-AnyCPU.Build.0 = Release|Windows-AnyCPU
		{DF65F77F-52A8-42BA-8D43-69AFC9373662}.Release|Windows-AnyCPU.Deploy.0 = Release|Windows-AnyCPU
		{DF65F77F-52A8-42BA-8D43-69AFC9373662}.Release|Windows-ARM.ActiveCfg = Release|Windows-ARM
		{DF65F77F-52A8-42BA-8D43-69AFC9373662}.Release|Windows-ARM.Build.0 = Release|Windows-ARM
		{DF65F77F-52A8-42BA-8D43-69AFC9373662}.Release|Windows-ARM.Deploy.0 = Release|Windows-ARM
		{DF65F77F-52A8-42BA-8D43-69AFC9373662}.Release|Windows-x64.ActiveCfg = Release|Windows-x64
		{DF65F77F-52A8-42BA-8D43-69AFC9373662}.Release|Windows-x64.Build.0 = Release|Windows-x64
		{DF65F77F-52A8-42BA-8D43-69AFC9373662}.Release|Windows-x64.Deploy.0 = Release|Windows-x64
		{DF65F77F-52A8-42BA-8D43-69AFC9373662}.Release|Windows-x86.ActiveCfg = Release|Windows-x86
		{DF65F77F-52A8-42BA-8D43-69AFC9373662}.Release|Windows-x86.Build.0 = Release|Windows-x86
		{DF65F77F-52A8-42BA-8D43-69AFC9373662}.Release|Windows-x86.Deploy.0 = Release|Windows-x86
		{3BDB8423-17C7-4824-9427-7C033657F436}.Debug|Android.ActiveCfg = Debug|Any CPU
		{3BDB8423-17C7-4824-9427-7C033657F436}.Debug|Android.Build.0 = Debug|Any CPU
		{3BDB8423-17C7-4824-9427-7C033657F436}.Debug|Any CPU.ActiveCfg = Debug|Any CPU
		{3BDB8423-17C7-4824-9427-7C033657F436}.Debug|Any CPU.Build.0 = Debug|Any CPU
		{3BDB8423-17C7-4824-9427-7C033657F436}.Debug|iOS.ActiveCfg = Debug|Any CPU
		{3BDB8423-17C7-4824-9427-7C033657F436}.Debug|iOS.Build.0 = Debug|Any CPU
		{3BDB8423-17C7-4824-9427-7C033657F436}.Debug|Windows Phone (Universal).ActiveCfg = Debug|Any CPU
		{3BDB8423-17C7-4824-9427-7C033657F436}.Debug|Windows Phone (Universal).Build.0 = Debug|Any CPU
		{3BDB8423-17C7-4824-9427-7C033657F436}.Debug|Windows Phone 8.ActiveCfg = Debug|Any CPU
		{3BDB8423-17C7-4824-9427-7C033657F436}.Debug|Windows Phone 8.Build.0 = Debug|Any CPU
		{3BDB8423-17C7-4824-9427-7C033657F436}.Debug|Windows-AnyCPU.ActiveCfg = Debug|Any CPU
		{3BDB8423-17C7-4824-9427-7C033657F436}.Debug|Windows-AnyCPU.Build.0 = Debug|Any CPU
		{3BDB8423-17C7-4824-9427-7C033657F436}.Debug|Windows-ARM.ActiveCfg = Debug|Any CPU
		{3BDB8423-17C7-4824-9427-7C033657F436}.Debug|Windows-ARM.Build.0 = Debug|Any CPU
		{3BDB8423-17C7-4824-9427-7C033657F436}.Debug|Windows-x64.ActiveCfg = Debug|Any CPU
		{3BDB8423-17C7-4824-9427-7C033657F436}.Debug|Windows-x64.Build.0 = Debug|Any CPU
		{3BDB8423-17C7-4824-9427-7C033657F436}.Debug|Windows-x86.ActiveCfg = Debug|Any CPU
		{3BDB8423-17C7-4824-9427-7C033657F436}.Debug|Windows-x86.Build.0 = Debug|Any CPU
		{3BDB8423-17C7-4824-9427-7C033657F436}.Release|Android.ActiveCfg = Release|Any CPU
		{3BDB8423-17C7-4824-9427-7C033657F436}.Release|Android.Build.0 = Release|Any CPU
		{3BDB8423-17C7-4824-9427-7C033657F436}.Release|Any CPU.ActiveCfg = Release|Any CPU
		{3BDB8423-17C7-4824-9427-7C033657F436}.Release|Any CPU.Build.0 = Release|Any CPU
		{3BDB8423-17C7-4824-9427-7C033657F436}.Release|iOS.ActiveCfg = Release|Any CPU
		{3BDB8423-17C7-4824-9427-7C033657F436}.Release|iOS.Build.0 = Release|Any CPU
		{3BDB8423-17C7-4824-9427-7C033657F436}.Release|Windows Phone (Universal).ActiveCfg = Release|Any CPU
		{3BDB8423-17C7-4824-9427-7C033657F436}.Release|Windows Phone (Universal).Build.0 = Release|Any CPU
		{3BDB8423-17C7-4824-9427-7C033657F436}.Release|Windows Phone 8.ActiveCfg = Release|Any CPU
		{3BDB8423-17C7-4824-9427-7C033657F436}.Release|Windows Phone 8.Build.0 = Release|Any CPU
		{3BDB8423-17C7-4824-9427-7C033657F436}.Release|Windows-AnyCPU.ActiveCfg = Release|Any CPU
		{3BDB8423-17C7-4824-9427-7C033657F436}.Release|Windows-AnyCPU.Build.0 = Release|Any CPU
		{3BDB8423-17C7-4824-9427-7C033657F436}.Release|Windows-ARM.ActiveCfg = Release|Any CPU
		{3BDB8423-17C7-4824-9427-7C033657F436}.Release|Windows-ARM.Build.0 = Release|Any CPU
		{3BDB8423-17C7-4824-9427-7C033657F436}.Release|Windows-x64.ActiveCfg = Release|Any CPU
		{3BDB8423-17C7-4824-9427-7C033657F436}.Release|Windows-x64.Build.0 = Release|Any CPU
		{3BDB8423-17C7-4824-9427-7C033657F436}.Release|Windows-x86.ActiveCfg = Release|Any CPU
		{3BDB8423-17C7-4824-9427-7C033657F436}.Release|Windows-x86.Build.0 = Release|Any CPU
		{63DE054D-F70F-4420-836B-DDA97CBC8595}.Debug|Android.ActiveCfg = Debug|Any CPU
		{63DE054D-F70F-4420-836B-DDA97CBC8595}.Debug|Android.Build.0 = Debug|Any CPU
		{63DE054D-F70F-4420-836B-DDA97CBC8595}.Debug|Android.Deploy.0 = Debug|Any CPU
		{63DE054D-F70F-4420-836B-DDA97CBC8595}.Debug|Any CPU.ActiveCfg = Debug|Any CPU
		{63DE054D-F70F-4420-836B-DDA97CBC8595}.Debug|Any CPU.Build.0 = Debug|Any CPU
		{63DE054D-F70F-4420-836B-DDA97CBC8595}.Debug|Any CPU.Deploy.0 = Debug|Any CPU
		{63DE054D-F70F-4420-836B-DDA97CBC8595}.Debug|iOS.ActiveCfg = Debug|Any CPU
		{63DE054D-F70F-4420-836B-DDA97CBC8595}.Debug|iOS.Build.0 = Debug|Any CPU
		{63DE054D-F70F-4420-836B-DDA97CBC8595}.Debug|iOS.Deploy.0 = Debug|Any CPU
		{63DE054D-F70F-4420-836B-DDA97CBC8595}.Debug|Windows Phone (Universal).ActiveCfg = Debug|Any CPU
		{63DE054D-F70F-4420-836B-DDA97CBC8595}.Debug|Windows Phone (Universal).Build.0 = Debug|Any CPU
		{63DE054D-F70F-4420-836B-DDA97CBC8595}.Debug|Windows Phone (Universal).Deploy.0 = Debug|Any CPU
		{63DE054D-F70F-4420-836B-DDA97CBC8595}.Debug|Windows Phone 8.ActiveCfg = Debug|Any CPU
		{63DE054D-F70F-4420-836B-DDA97CBC8595}.Debug|Windows Phone 8.Build.0 = Debug|Any CPU
		{63DE054D-F70F-4420-836B-DDA97CBC8595}.Debug|Windows Phone 8.Deploy.0 = Debug|Any CPU
		{63DE054D-F70F-4420-836B-DDA97CBC8595}.Debug|Windows-AnyCPU.ActiveCfg = Debug|Any CPU
		{63DE054D-F70F-4420-836B-DDA97CBC8595}.Debug|Windows-AnyCPU.Build.0 = Debug|Any CPU
		{63DE054D-F70F-4420-836B-DDA97CBC8595}.Debug|Windows-AnyCPU.Deploy.0 = Debug|Any CPU
		{63DE054D-F70F-4420-836B-DDA97CBC8595}.Debug|Windows-ARM.ActiveCfg = Debug|Any CPU
		{63DE054D-F70F-4420-836B-DDA97CBC8595}.Debug|Windows-ARM.Build.0 = Debug|Any CPU
		{63DE054D-F70F-4420-836B-DDA97CBC8595}.Debug|Windows-ARM.Deploy.0 = Debug|Any CPU
		{63DE054D-F70F-4420-836B-DDA97CBC8595}.Debug|Windows-x64.ActiveCfg = Debug|Any CPU
		{63DE054D-F70F-4420-836B-DDA97CBC8595}.Debug|Windows-x64.Build.0 = Debug|Any CPU
		{63DE054D-F70F-4420-836B-DDA97CBC8595}.Debug|Windows-x64.Deploy.0 = Debug|Any CPU
		{63DE054D-F70F-4420-836B-DDA97CBC8595}.Debug|Windows-x86.ActiveCfg = Debug|Any CPU
		{63DE054D-F70F-4420-836B-DDA97CBC8595}.Debug|Windows-x86.Build.0 = Debug|Any CPU
		{63DE054D-F70F-4420-836B-DDA97CBC8595}.Debug|Windows-x86.Deploy.0 = Debug|Any CPU
		{63DE054D-F70F-4420-836B-DDA97CBC8595}.Release|Android.ActiveCfg = Release|Any CPU
		{63DE054D-F70F-4420-836B-DDA97CBC8595}.Release|Android.Build.0 = Release|Any CPU
		{63DE054D-F70F-4420-836B-DDA97CBC8595}.Release|Android.Deploy.0 = Release|Any CPU
		{63DE054D-F70F-4420-836B-DDA97CBC8595}.Release|Any CPU.ActiveCfg = Release|Any CPU
		{63DE054D-F70F-4420-836B-DDA97CBC8595}.Release|Any CPU.Build.0 = Release|Any CPU
		{63DE054D-F70F-4420-836B-DDA97CBC8595}.Release|Any CPU.Deploy.0 = Release|Any CPU
		{63DE054D-F70F-4420-836B-DDA97CBC8595}.Release|iOS.ActiveCfg = Release|Any CPU
		{63DE054D-F70F-4420-836B-DDA97CBC8595}.Release|iOS.Build.0 = Release|Any CPU
		{63DE054D-F70F-4420-836B-DDA97CBC8595}.Release|iOS.Deploy.0 = Release|Any CPU
		{63DE054D-F70F-4420-836B-DDA97CBC8595}.Release|Windows Phone (Universal).ActiveCfg = Release|Any CPU
		{63DE054D-F70F-4420-836B-DDA97CBC8595}.Release|Windows Phone (Universal).Build.0 = Release|Any CPU
		{63DE054D-F70F-4420-836B-DDA97CBC8595}.Release|Windows Phone (Universal).Deploy.0 = Release|Any CPU
		{63DE054D-F70F-4420-836B-DDA97CBC8595}.Release|Windows Phone 8.ActiveCfg = Release|Any CPU
		{63DE054D-F70F-4420-836B-DDA97CBC8595}.Release|Windows Phone 8.Build.0 = Release|Any CPU
		{63DE054D-F70F-4420-836B-DDA97CBC8595}.Release|Windows Phone 8.Deploy.0 = Release|Any CPU
		{63DE054D-F70F-4420-836B-DDA97CBC8595}.Release|Windows-AnyCPU.ActiveCfg = Release|Any CPU
		{63DE054D-F70F-4420-836B-DDA97CBC8595}.Release|Windows-AnyCPU.Build.0 = Release|Any CPU
		{63DE054D-F70F-4420-836B-DDA97CBC8595}.Release|Windows-AnyCPU.Deploy.0 = Release|Any CPU
		{63DE054D-F70F-4420-836B-DDA97CBC8595}.Release|Windows-ARM.ActiveCfg = Release|Any CPU
		{63DE054D-F70F-4420-836B-DDA97CBC8595}.Release|Windows-ARM.Build.0 = Release|Any CPU
		{63DE054D-F70F-4420-836B-DDA97CBC8595}.Release|Windows-ARM.Deploy.0 = Release|Any CPU
		{63DE054D-F70F-4420-836B-DDA97CBC8595}.Release|Windows-x64.ActiveCfg = Release|Any CPU
		{63DE054D-F70F-4420-836B-DDA97CBC8595}.Release|Windows-x64.Build.0 = Release|Any CPU
		{63DE054D-F70F-4420-836B-DDA97CBC8595}.Release|Windows-x64.Deploy.0 = Release|Any CPU
		{63DE054D-F70F-4420-836B-DDA97CBC8595}.Release|Windows-x86.ActiveCfg = Release|Any CPU
		{63DE054D-F70F-4420-836B-DDA97CBC8595}.Release|Windows-x86.Build.0 = Release|Any CPU
		{63DE054D-F70F-4420-836B-DDA97CBC8595}.Release|Windows-x86.Deploy.0 = Release|Any CPU
		{26D7F11F-8FEB-402B-8065-AA2AB5FBFCB1}.Debug|Android.ActiveCfg = Debug|Any CPU
		{26D7F11F-8FEB-402B-8065-AA2AB5FBFCB1}.Debug|Android.Build.0 = Debug|Any CPU
		{26D7F11F-8FEB-402B-8065-AA2AB5FBFCB1}.Debug|Any CPU.ActiveCfg = Debug|Any CPU
		{26D7F11F-8FEB-402B-8065-AA2AB5FBFCB1}.Debug|Any CPU.Build.0 = Debug|Any CPU
		{26D7F11F-8FEB-402B-8065-AA2AB5FBFCB1}.Debug|iOS.ActiveCfg = Debug|Any CPU
		{26D7F11F-8FEB-402B-8065-AA2AB5FBFCB1}.Debug|iOS.Build.0 = Debug|Any CPU
		{26D7F11F-8FEB-402B-8065-AA2AB5FBFCB1}.Debug|Windows Phone (Universal).ActiveCfg = Debug|Any CPU
		{26D7F11F-8FEB-402B-8065-AA2AB5FBFCB1}.Debug|Windows Phone (Universal).Build.0 = Debug|Any CPU
		{26D7F11F-8FEB-402B-8065-AA2AB5FBFCB1}.Debug|Windows Phone 8.ActiveCfg = Debug|Any CPU
		{26D7F11F-8FEB-402B-8065-AA2AB5FBFCB1}.Debug|Windows Phone 8.Build.0 = Debug|Any CPU
		{26D7F11F-8FEB-402B-8065-AA2AB5FBFCB1}.Debug|Windows-AnyCPU.ActiveCfg = Debug|Any CPU
		{26D7F11F-8FEB-402B-8065-AA2AB5FBFCB1}.Debug|Windows-AnyCPU.Build.0 = Debug|Any CPU
		{26D7F11F-8FEB-402B-8065-AA2AB5FBFCB1}.Debug|Windows-ARM.ActiveCfg = Debug|Any CPU
		{26D7F11F-8FEB-402B-8065-AA2AB5FBFCB1}.Debug|Windows-ARM.Build.0 = Debug|Any CPU
		{26D7F11F-8FEB-402B-8065-AA2AB5FBFCB1}.Debug|Windows-x64.ActiveCfg = Debug|Any CPU
		{26D7F11F-8FEB-402B-8065-AA2AB5FBFCB1}.Debug|Windows-x64.Build.0 = Debug|Any CPU
		{26D7F11F-8FEB-402B-8065-AA2AB5FBFCB1}.Debug|Windows-x86.ActiveCfg = Debug|Any CPU
		{26D7F11F-8FEB-402B-8065-AA2AB5FBFCB1}.Debug|Windows-x86.Build.0 = Debug|Any CPU
		{26D7F11F-8FEB-402B-8065-AA2AB5FBFCB1}.Release|Android.ActiveCfg = Release|Any CPU
		{26D7F11F-8FEB-402B-8065-AA2AB5FBFCB1}.Release|Android.Build.0 = Release|Any CPU
		{26D7F11F-8FEB-402B-8065-AA2AB5FBFCB1}.Release|Any CPU.ActiveCfg = Release|Any CPU
		{26D7F11F-8FEB-402B-8065-AA2AB5FBFCB1}.Release|Any CPU.Build.0 = Release|Any CPU
		{26D7F11F-8FEB-402B-8065-AA2AB5FBFCB1}.Release|iOS.ActiveCfg = Release|Any CPU
		{26D7F11F-8FEB-402B-8065-AA2AB5FBFCB1}.Release|iOS.Build.0 = Release|Any CPU
		{26D7F11F-8FEB-402B-8065-AA2AB5FBFCB1}.Release|Windows Phone (Universal).ActiveCfg = Release|Any CPU
		{26D7F11F-8FEB-402B-8065-AA2AB5FBFCB1}.Release|Windows Phone (Universal).Build.0 = Release|Any CPU
		{26D7F11F-8FEB-402B-8065-AA2AB5FBFCB1}.Release|Windows Phone 8.ActiveCfg = Release|Any CPU
		{26D7F11F-8FEB-402B-8065-AA2AB5FBFCB1}.Release|Windows Phone 8.Build.0 = Release|Any CPU
		{26D7F11F-8FEB-402B-8065-AA2AB5FBFCB1}.Release|Windows-AnyCPU.ActiveCfg = Release|Any CPU
		{26D7F11F-8FEB-402B-8065-AA2AB5FBFCB1}.Release|Windows-AnyCPU.Build.0 = Release|Any CPU
		{26D7F11F-8FEB-402B-8065-AA2AB5FBFCB1}.Release|Windows-ARM.ActiveCfg = Release|Any CPU
		{26D7F11F-8FEB-402B-8065-AA2AB5FBFCB1}.Release|Windows-ARM.Build.0 = Release|Any CPU
		{26D7F11F-8FEB-402B-8065-AA2AB5FBFCB1}.Release|Windows-x64.ActiveCfg = Release|Any CPU
		{26D7F11F-8FEB-402B-8065-AA2AB5FBFCB1}.Release|Windows-x64.Build.0 = Release|Any CPU
		{26D7F11F-8FEB-402B-8065-AA2AB5FBFCB1}.Release|Windows-x86.ActiveCfg = Release|Any CPU
		{26D7F11F-8FEB-402B-8065-AA2AB5FBFCB1}.Release|Windows-x86.Build.0 = Release|Any CPU
	EndGlobalSection
	GlobalSection(SolutionProperties) = preSolution
		HideSolutionNode = FALSE
	EndGlobalSection
	GlobalSection(NestedProjects) = preSolution
		{3BDB8423-17C7-4824-9427-7C033657F436} = {B49E1F65-E00D-4E73-97A6-A766CFA2AAC8}
		{63DE054D-F70F-4420-836B-DDA97CBC8595} = {54AA7F35-CB85-486C-94A6-F1AE46984DEF}
		{26D7F11F-8FEB-402B-8065-AA2AB5FBFCB1} = {B3FAE25D-5D89-41B3-98A0-07841A2B2E8C}
	EndGlobalSection
EndGlobal
